
Microsoft Visual Studio Solution File, Format Version 12.00
# Visual Studio 15
VisualStudioVersion = 15.0.28307.757
MinimumVisualStudioVersion = 10.0.40219.1
Project("{FAE04EC0-301F-11D3-BF4B-00C04F79EFBC}") = "ValueAndReferenceTypes", "ValueAndReferenceTypes\ValueAndReferenceTypes.csproj", "{42B37AD7-4B26-46C6-842F-2B36DE34406B}"
EndProject
Global
	GlobalSection(SolutionConfigurationPlatforms) = preSolution
		Debug|Any CPU = Debug|Any CPU
		Release|Any CPU = Release|Any CPU
	EndGlobalSection
	GlobalSection(ProjectConfigurationPlatforms) = postSolution
		{42B37AD7-4B26-46C6-842F-2B36DE34406B}.Debug|Any CPU.ActiveCfg = Debug|Any CPU
		{42B37AD7-4B26-46C6-842F-2B36DE34406B}.Debug|Any CPU.Build.0 = Debug|Any CPU
		{42B37AD7-4B26-46C6-842F-2B36DE34406B}.Release|Any CPU.ActiveCfg = Release|Any CPU
		{42B37AD7-4B26-46C6-842F-2B36DE34406B}.Release|Any CPU.Build.0 = Release|Any CPU
	EndGlobalSection
	GlobalSection(SolutionProperties) = preSolution
		HideSolutionNode = FALSE
	EndGlobalSection
	GlobalSection(ExtensibilityGlobals) = postSolution
		SolutionGuid = {10620C8A-DB65-40A4-AE31-BCD2ACADFC5F}
	EndGlobalSection
EndGlobal
